
Microsoft Visual Studio Solution File, Format Version 12.00
# Visual Studio Version 16
VisualStudioVersion = 16.0.31613.86
MinimumVisualStudioVersion = 10.0.40219.1
Project("{FAE04EC0-301F-11D3-BF4B-00C04F79EFBC}") = "Entidades", "Entidades\Entidades.csproj", "{BF01D962-72DD-46A2-BDE3-8750CF7F031F}"
EndProject
Project("{FAE04EC0-301F-11D3-BF4B-00C04F79EFBC}") = "MiCalculadora", "MiCalculadora\MiCalculadora.csproj", "{096A795B-97BD-44A0-96F6-9C4F6713DBE5}"
EndProject
Global
	GlobalSection(SolutionConfigurationPlatforms) = preSolution
		Debug|Any CPU = Debug|Any CPU
		Release|Any CPU = Release|Any CPU
	EndGlobalSection
	GlobalSection(ProjectConfigurationPlatforms) = postSolution
		{BF01D962-72DD-46A2-BDE3-8750CF7F031F}.Debug|Any CPU.ActiveCfg = Debug|Any CPU
		{BF01D962-72DD-46A2-BDE3-8750CF7F031F}.Debug|Any CPU.Build.0 = Debug|Any CPU
		{BF01D962-72DD-46A2-BDE3-8750CF7F031F}.Release|Any CPU.ActiveCfg = Release|Any CPU
		{BF01D962-72DD-46A2-BDE3-8750CF7F031F}.Release|Any CPU.Build.0 = Release|Any CPU
		{096A795B-97BD-44A0-96F6-9C4F6713DBE5}.Debug|Any CPU.ActiveCfg = Debug|Any CPU
		{096A795B-97BD-44A0-96F6-9C4F6713DBE5}.Debug|Any CPU.Build.0 = Debug|Any CPU
		{096A795B-97BD-44A0-96F6-9C4F6713DBE5}.Release|Any CPU.ActiveCfg = Release|Any CPU
		{096A795B-97BD-44A0-96F6-9C4F6713DBE5}.Release|Any CPU.Build.0 = Release|Any CPU
	EndGlobalSection
	GlobalSection(SolutionProperties) = preSolution
		HideSolutionNode = FALSE
	EndGlobalSection
	GlobalSection(ExtensibilityGlobals) = postSolution
		SolutionGuid = {AA907282-CD72-4A8E-83BF-6721C9CAA842}
	EndGlobalSection
EndGlobal
