
Microsoft Visual Studio Solution File, Format Version 12.00
# Visual Studio Version 16
VisualStudioVersion = 16.0.31613.86
MinimumVisualStudioVersion = 10.0.40219.1
Project("{9A19103F-16F7-4668-BE54-9A1E7A4F7556}") = "Formularios", "WinFormsApp1\Formularios.csproj", "{325F693E-91D7-449B-BF86-2A7BFF7FF9FF}"
EndProject
Project("{9A19103F-16F7-4668-BE54-9A1E7A4F7556}") = "Entidades", "Entidades\Entidades.csproj", "{0E54A0E3-C886-4B84-BAFD-EF6504E50D04}"
EndProject
Project("{9A19103F-16F7-4668-BE54-9A1E7A4F7556}") = "Serializador", "Serializador\Serializador.csproj", "{4C7A8400-AE8A-4706-A8B9-D6E008AF2256}"
EndProject
Project("{9A19103F-16F7-4668-BE54-9A1E7A4F7556}") = "Test", "TestConsola\Test.csproj", "{4F7235B8-75D3-43B5-87BD-9354965A5848}"
EndProject
Project("{9A19103F-16F7-4668-BE54-9A1E7A4F7556}") = "TestUnitarios", "TestUnitarios\TestUnitarios.csproj", "{252DB24C-9174-452C-8B36-A2FBEA7ECEF3}"
EndProject
Global
	GlobalSection(SolutionConfigurationPlatforms) = preSolution
		Debug|Any CPU = Debug|Any CPU
		Release|Any CPU = Release|Any CPU
	EndGlobalSection
	GlobalSection(ProjectConfigurationPlatforms) = postSolution
		{325F693E-91D7-449B-BF86-2A7BFF7FF9FF}.Debug|Any CPU.ActiveCfg = Debug|Any CPU
		{325F693E-91D7-449B-BF86-2A7BFF7FF9FF}.Debug|Any CPU.Build.0 = Debug|Any CPU
		{325F693E-91D7-449B-BF86-2A7BFF7FF9FF}.Release|Any CPU.ActiveCfg = Release|Any CPU
		{325F693E-91D7-449B-BF86-2A7BFF7FF9FF}.Release|Any CPU.Build.0 = Release|Any CPU
		{0E54A0E3-C886-4B84-BAFD-EF6504E50D04}.Debug|Any CPU.ActiveCfg = Debug|Any CPU
		{0E54A0E3-C886-4B84-BAFD-EF6504E50D04}.Debug|Any CPU.Build.0 = Debug|Any CPU
		{0E54A0E3-C886-4B84-BAFD-EF6504E50D04}.Release|Any CPU.ActiveCfg = Release|Any CPU
		{0E54A0E3-C886-4B84-BAFD-EF6504E50D04}.Release|Any CPU.Build.0 = Release|Any CPU
		{4C7A8400-AE8A-4706-A8B9-D6E008AF2256}.Debug|Any CPU.ActiveCfg = Debug|Any CPU
		{4C7A8400-AE8A-4706-A8B9-D6E008AF2256}.Debug|Any CPU.Build.0 = Debug|Any CPU
		{4C7A8400-AE8A-4706-A8B9-D6E008AF2256}.Release|Any CPU.ActiveCfg = Release|Any CPU
		{4C7A8400-AE8A-4706-A8B9-D6E008AF2256}.Release|Any CPU.Build.0 = Release|Any CPU
		{4F7235B8-75D3-43B5-87BD-9354965A5848}.Debug|Any CPU.ActiveCfg = Debug|Any CPU
		{4F7235B8-75D3-43B5-87BD-9354965A5848}.Debug|Any CPU.Build.0 = Debug|Any CPU
		{4F7235B8-75D3-43B5-87BD-9354965A5848}.Release|Any CPU.ActiveCfg = Release|Any CPU
		{4F7235B8-75D3-43B5-87BD-9354965A5848}.Release|Any CPU.Build.0 = Release|Any CPU
		{252DB24C-9174-452C-8B36-A2FBEA7ECEF3}.Debug|Any CPU.ActiveCfg = Debug|Any CPU
		{252DB24C-9174-452C-8B36-A2FBEA7ECEF3}.Debug|Any CPU.Build.0 = Debug|Any CPU
		{252DB24C-9174-452C-8B36-A2FBEA7ECEF3}.Release|Any CPU.ActiveCfg = Release|Any CPU
		{252DB24C-9174-452C-8B36-A2FBEA7ECEF3}.Release|Any CPU.Build.0 = Release|Any CPU
	EndGlobalSection
	GlobalSection(SolutionProperties) = preSolution
		HideSolutionNode = FALSE
	EndGlobalSection
	GlobalSection(ExtensibilityGlobals) = postSolution
		SolutionGuid = {7E05130F-0D75-4F7C-90D6-0FA827FB38C6}
	EndGlobalSection
EndGlobal
